{
  "name": "flutter-architecture-blueprints",
  "lockfileVersion": 2,
  "requires": true,
  "packages": {
    "": {
      "devDependencies": {
        "husky": "^7.0.2"
      }
    },
    "node_modules/husky": {
      "version": "7.0.2",
      "resolved": "https://registry.npmjs.org/husky/-/husky-7.0.2.tgz",
      "integrity": "sha512-8yKEWNX4z2YsofXAMT7KvA1g8p+GxtB1ffV8XtpAEGuXNAbCV5wdNKH+qTpw8SM9fh4aMPDR+yQuKfgnreyZlg==",
      "dev": true,
      "bin": {
        "husky": "lib/bin.js"
      },
      "engines": {
        "node": ">=12"
      },
      "funding": {
        "url": "https://github.com/sponsors/typicode"
      }
    }
  },
  "dependencies": {
    "husky": {
      "version": "7.0.2",
      "resolved": "https://registry.npmjs.org/husky/-/husky-7.0.2.tgz",
      "integrity": "sha512-8yKEWNX4z2YsofXAMT7KvA1g8p+GxtB1ffV8XtpAEGuXNAbCV5wdNKH+qTpw8SM9fh4aMPDR+yQuKfgnreyZlg==",
      "dev": true
    }
  }
}
