{
  "name": "flutter-architecture-blueprints",
  "lockfileVersion": 2,
  "requires": true,
  "packages": {
    "": {
      "devDependencies": {
        "husky": "^7.0.0"
      }
    },
    "node_modules/husky": {
      "version": "7.0.0",
      "resolved": "https://registry.npmjs.org/husky/-/husky-7.0.0.tgz",
      "integrity": "sha512-xK7lO0EtSzfFPiw+oQncQVy/XqV7UVVjxBByc+Iv5iK3yhW9boDoWgvZy3OGo48QKg/hUtZkzz0hi2HXa0kn7w==",
      "dev": true,
      "bin": {
        "husky": "lib/bin.js"
      },
      "engines": {
        "node": ">=12"
      },
      "funding": {
        "url": "https://github.com/sponsors/typicode"
      }
    }
  },
  "dependencies": {
    "husky": {
      "version": "7.0.0",
      "resolved": "https://registry.npmjs.org/husky/-/husky-7.0.0.tgz",
      "integrity": "sha512-xK7lO0EtSzfFPiw+oQncQVy/XqV7UVVjxBByc+Iv5iK3yhW9boDoWgvZy3OGo48QKg/hUtZkzz0hi2HXa0kn7w==",
      "dev": true
    }
  }
}
