{
  "name": "flutter-architecture-blueprints",
  "lockfileVersion": 2,
  "requires": true,
  "packages": {
    "": {
      "devDependencies": {
        "husky": "^5.1.1"
      }
    },
    "node_modules/husky": {
      "version": "5.1.1",
      "resolved": "https://registry.npmjs.org/husky/-/husky-5.1.1.tgz",
      "integrity": "sha512-80LZ736V0Nr4/st0c2COYaMbEQhHNmAbLMN8J/kLk7/mo0QdUkUGNDjv/7jVkhug377Wh8wfbWyaVXEJ/h2B/Q==",
      "dev": true,
      "funding": [
        {
          "type": "github",
          "url": "https://github.com/sponsors/typicode"
        },
        {
          "type": "opencollective",
          "url": "https://opencollective.com/husky"
        }
      ],
      "hasInstallScript": true,
      "bin": {
        "husky": "lib/bin.js"
      },
      "engines": {
        "node": ">= 10"
      }
    }
  },
  "dependencies": {
    "husky": {
      "version": "5.1.1",
      "resolved": "https://registry.npmjs.org/husky/-/husky-5.1.1.tgz",
      "integrity": "sha512-80LZ736V0Nr4/st0c2COYaMbEQhHNmAbLMN8J/kLk7/mo0QdUkUGNDjv/7jVkhug377Wh8wfbWyaVXEJ/h2B/Q==",
      "dev": true
    }
  }
}
