PODS:
  - AppAuth (1.4.0):
    - AppAuth/Core (= 1.4.0)
    - AppAuth/ExternalUserAgent (= 1.4.0)
  - AppAuth/Core (1.4.0)
  - AppAuth/ExternalUserAgent (1.4.0)
  - Firebase/Auth (8.8.0):
    - Firebase/CoreOnly
    - FirebaseAuth (~> 8.8.0)
  - Firebase/CoreOnly (8.8.0):
    - FirebaseCore (= 8.8.0)
  - Firebase/Crashlytics (8.8.0):
    - Firebase/CoreOnly
    - FirebaseCrashlytics (~> 8.8.0)
  - Firebase/Performance (8.8.0):
    - Firebase/CoreOnly
    - FirebasePerformance (~> 8.8.0)
  - firebase_auth (3.1.4):
    - Firebase/Auth (= 8.8.0)
    - firebase_core
    - Flutter
  - firebase_core (1.8.0):
    - Firebase/CoreOnly (= 8.8.0)
    - Flutter
  - firebase_crashlytics (2.2.4):
    - Firebase/Crashlytics (= 8.8.0)
    - firebase_core
    - Flutter
  - firebase_performance (0.7.1-2):
    - Firebase/Performance (= 8.8.0)
    - firebase_core
    - Flutter
  - FirebaseABTesting (8.8.0):
    - FirebaseCore (~> 8.0)
  - FirebaseAuth (8.8.0):
    - FirebaseCore (~> 8.0)
    - GoogleUtilities/AppDelegateSwizzler (~> 7.4)
    - GoogleUtilities/Environment (~> 7.4)
    - GTMSessionFetcher/Core (~> 1.5)
  - FirebaseCore (8.8.0):
    - FirebaseCoreDiagnostics (~> 8.0)
    - GoogleUtilities/Environment (~> 7.4)
    - GoogleUtilities/Logger (~> 7.4)
  - FirebaseCoreDiagnostics (8.8.0):
    - GoogleDataTransport (~> 9.0)
    - GoogleUtilities/Environment (~> 7.4)
    - GoogleUtilities/Logger (~> 7.4)
    - nanopb (~> 2.30908.0)
  - FirebaseCrashlytics (8.8.0):
    - FirebaseCore (~> 8.0)
    - FirebaseInstallations (~> 8.0)
    - GoogleDataTransport (~> 9.0)
    - GoogleUtilities/Environment (~> 7.4)
    - nanopb (~> 2.30908.0)
    - PromisesObjC (< 3.0, >= 1.2)
  - FirebaseInstallations (8.8.0):
    - FirebaseCore (~> 8.0)
    - GoogleUtilities/Environment (~> 7.4)
    - GoogleUtilities/UserDefaults (~> 7.4)
    - PromisesObjC (< 3.0, >= 1.2)
  - FirebasePerformance (8.8.0):
    - FirebaseCore (~> 8.0)
    - FirebaseInstallations (~> 8.0)
    - FirebaseRemoteConfig (~> 8.0)
    - GoogleDataTransport (~> 9.0)
    - GoogleUtilities/Environment (~> 7.4)
    - GoogleUtilities/ISASwizzler (~> 7.4)
    - GoogleUtilities/MethodSwizzler (~> 7.4)
    - nanopb (~> 2.30908.0)
  - FirebaseRemoteConfig (8.8.0):
    - FirebaseABTesting (~> 8.0)
    - FirebaseCore (~> 8.0)
    - FirebaseInstallations (~> 8.0)
    - GoogleUtilities/Environment (~> 7.4)
    - "GoogleUtilities/NSData+zlib (~> 7.4)"
  - Flutter (1.0.0)
  - google_sign_in (0.0.1):
    - Flutter
    - GoogleSignIn (~> 5.0)
  - GoogleDataTransport (9.1.2):
    - GoogleUtilities/Environment (~> 7.2)
    - nanopb (~> 2.30908.0)
    - PromisesObjC (< 3.0, >= 1.2)
  - GoogleSignIn (5.0.2):
    - AppAuth (~> 1.2)
    - GTMAppAuth (~> 1.0)
    - GTMSessionFetcher/Core (~> 1.1)
  - GoogleUtilities/AppDelegateSwizzler (7.6.0):
    - GoogleUtilities/Environment
    - GoogleUtilities/Logger
    - GoogleUtilities/Network
  - GoogleUtilities/Environment (7.6.0):
    - PromisesObjC (< 3.0, >= 1.2)
  - GoogleUtilities/ISASwizzler (7.6.0)
  - GoogleUtilities/Logger (7.6.0):
    - GoogleUtilities/Environment
  - GoogleUtilities/MethodSwizzler (7.6.0):
    - GoogleUtilities/Logger
  - GoogleUtilities/Network (7.6.0):
    - GoogleUtilities/Logger
    - "GoogleUtilities/NSData+zlib"
    - GoogleUtilities/Reachability
  - "GoogleUtilities/NSData+zlib (7.6.0)"
  - GoogleUtilities/Reachability (7.6.0):
    - GoogleUtilities/Logger
  - GoogleUtilities/UserDefaults (7.6.0):
    - GoogleUtilities/Logger
  - GTMAppAuth (1.2.2):
    - AppAuth/Core (~> 1.4)
    - GTMSessionFetcher/Core (~> 1.5)
  - GTMSessionFetcher/Core (1.7.0)
  - nanopb (2.30908.0):
    - nanopb/decode (= 2.30908.0)
    - nanopb/encode (= 2.30908.0)
  - nanopb/decode (2.30908.0)
  - nanopb/encode (2.30908.0)
  - path_provider (0.0.1):
    - Flutter
  - PromisesObjC (2.0.0)
  - ua_client_hints (1.1.0):
    - Flutter
  - video_player (0.0.1):
    - Flutter

DEPENDENCIES:
  - firebase_auth (from `.symlinks/plugins/firebase_auth/ios`)
  - firebase_core (from `.symlinks/plugins/firebase_core/ios`)
  - firebase_crashlytics (from `.symlinks/plugins/firebase_crashlytics/ios`)
  - firebase_performance (from `.symlinks/plugins/firebase_performance/ios`)
  - Flutter (from `Flutter`)
  - google_sign_in (from `.symlinks/plugins/google_sign_in/ios`)
  - path_provider (from `.symlinks/plugins/path_provider/ios`)
  - ua_client_hints (from `.symlinks/plugins/ua_client_hints/ios`)
  - video_player (from `.symlinks/plugins/video_player/ios`)

SPEC REPOS:
  trunk:
    - AppAuth
    - Firebase
    - FirebaseABTesting
    - FirebaseAuth
    - FirebaseCore
    - FirebaseCoreDiagnostics
    - FirebaseCrashlytics
    - FirebaseInstallations
    - FirebasePerformance
    - FirebaseRemoteConfig
    - GoogleDataTransport
    - GoogleSignIn
    - GoogleUtilities
    - GTMAppAuth
    - GTMSessionFetcher
    - nanopb
    - PromisesObjC

EXTERNAL SOURCES:
  firebase_auth:
    :path: ".symlinks/plugins/firebase_auth/ios"
  firebase_core:
    :path: ".symlinks/plugins/firebase_core/ios"
  firebase_crashlytics:
    :path: ".symlinks/plugins/firebase_crashlytics/ios"
  firebase_performance:
    :path: ".symlinks/plugins/firebase_performance/ios"
  Flutter:
    :path: Flutter
  google_sign_in:
    :path: ".symlinks/plugins/google_sign_in/ios"
  path_provider:
    :path: ".symlinks/plugins/path_provider/ios"
  ua_client_hints:
    :path: ".symlinks/plugins/ua_client_hints/ios"
  video_player:
    :path: ".symlinks/plugins/video_player/ios"

SPEC CHECKSUMS:
  AppAuth: 31bcec809a638d7bd2f86ea8a52bd45f6e81e7c7
  Firebase: 629510f1a9ddb235f3a7c5c8ceb23ba887f0f814
  firebase_auth: 0b7168e2db1bff6e5b40a7dc268447b8dedb59c1
  firebase_core: 3b4c707f5a8eff38f52fd5580895bcd89357bf42
  firebase_crashlytics: 5e4c7b5695a7ffe144a55dacfddebbf8eb36028a
  firebase_performance: 01839bfbbc5c98b00b5a9172328f5bc21059e5ef
  FirebaseABTesting: 981336dd14d84787e33466e4247f77ec2343f8d9
  FirebaseAuth: bcf0adeff88bda5dcb3beeabe5760f1226ab7b2f
  FirebaseCore: 98b29e3828f0a53651c363937a7f7d92a19f1ba2
  FirebaseCoreDiagnostics: fe77f42da6329d6d83d21fd9d621a6b704413bfc
  FirebaseCrashlytics: 3660c045c8e45cc4276110562a0ef44cf43c8157
  FirebaseInstallations: 2563cb18a723ef9c6ef18318a49519b75dce613c
  FirebasePerformance: 0c01a7a496657d7cea86d40c0b1725259d164c6c
  FirebaseRemoteConfig: f6365883d7950d784ee97bcdbbf1e442d4fa6119
  Flutter: 50d75fe2f02b26cc09d224853bb45737f8b3214a
  google_sign_in: c5cecea71f3be43282263550556e311c4cc03582
  GoogleDataTransport: 629c20a4d363167143f30ea78320d5a7eb8bd940
  GoogleSignIn: 7137d297ddc022a7e0aa4619c86d72c909fa7213
  GoogleUtilities: 684ee790a24f73ebb2d1d966e9711c203f2a4237
  GTMAppAuth: ad5c2b70b9a8689e1a04033c9369c4915bfcbe89
  GTMSessionFetcher: 43748f93435c2aa068b1cbe39655aaf600652e91
  nanopb: a0ba3315591a9ae0a16a309ee504766e90db0c96
  path_provider: d1e9807085df1f9cc9318206cd649dc0b76be3de
  PromisesObjC: 68159ce6952d93e17b2dfe273b8c40907db5ba58
  ua_client_hints: 314de6b4221bf713b1a6a5fb8bc68917ad3eaaec
  video_player: ecd305f42e9044793efd34846e1ce64c31ea6fcb

PODFILE CHECKSUM: af976f751d801ced1cf35e237c7db47ea4b2ec3e

COCOAPODS: 1.11.2
